{
  "version": 4,
  "terraform_version": "1.7.2",
  "serial": 40,
  "lineage": "87f6362e-4414-3620-73ea-d5db55b20ad4",
  "outputs": {
    "web_app_ips": {
      "value": "51.137.11.162,51.137.12.181,51.137.14.237,51.137.15.103,40.114.176.34,40.114.176.41,51.124.0.49,51.124.1.43,51.124.1.225,51.124.2.228,51.124.3.134,51.124.6.5,20.105.216.45",
      "type": "string"
    },
    "web_app_urls": {
      "value": "shortenerwebappvladimirshalamanov.azurewebsites.net",
      "type": "string"
    }
  },
  "resources": [
    {
      "mode": "managed",
      "type": "azurerm_app_service_source_control",
      "name": "github",
      "provider": "provider[\"registry.terraform.io/hashicorp/azurerm\"]",
      "instances": [
        {
          "schema_version": 0,
          "attributes": {
            "app_id": "/subscriptions/bb4dceca-1eda-4c76-9b54-f7140ba333e9/resourceGroups/ShortenerVladimirShalamanovRG/providers/Microsoft.Web/sites/shortenerwebappvladimirshalamanov",
            "branch": "main",
            "github_action_configuration": [],
            "id": "/subscriptions/bb4dceca-1eda-4c76-9b54-f7140ba333e9/resourceGroups/ShortenerVladimirShalamanovRG/providers/Microsoft.Web/sites/shortenerwebappvladimirshalamanov",
            "repo_url": "https://github.com/VladimirShalamanov/Shortener-Task-2",
            "rollback_enabled": false,
            "scm_type": "ExternalGit",
            "timeouts": null,
            "use_local_git": false,
            "use_manual_integration": true,
            "use_mercurial": false,
            "uses_github_action": false
          },
          "sensitive_attributes": [],
          "private": "eyJlMmJmYjczMC1lY2FhLTExZTYtOGY4OC0zNDM2M2JjN2M0YzAiOnsiY3JlYXRlIjoxODAwMDAwMDAwMDAwLCJkZWxldGUiOjE4MDAwMDAwMDAwMDAsInJlYWQiOjMwMDAwMDAwMDAwMH19",
          "dependencies": [
            "azurerm_linux_web_app.alwa",
            "azurerm_mssql_database.database",
            "azurerm_mssql_server.mssql",
            "azurerm_resource_group.rg",
            "azurerm_service_plan.asp"
          ]
        }
      ]
    },
    {
      "mode": "managed",
      "type": "azurerm_linux_web_app",
      "name": "alwa",
      "provider": "provider[\"registry.terraform.io/hashicorp/azurerm\"]",
      "instances": [
        {
          "schema_version": 1,
          "attributes": {
            "app_settings": null,
            "auth_settings": [],
            "auth_settings_v2": [],
            "backup": [],
            "client_affinity_enabled": false,
            "client_certificate_enabled": false,
            "client_certificate_exclusion_paths": "",
            "client_certificate_mode": "Required",
            "connection_string": [
              {
                "name": "DefaultConnection",
                "type": "SQLAzure",
                "value": "Data Source=tcp:sqlserver-vladimir.database.windows.net,1433;Initial Catalog=Contacts;User ID=imNotAdmin;Password=myStrongPassword12#;Trusted_Connection=False;MultipleActiveResultSets=True;"
              }
            ],
            "custom_domain_verification_id": "341AA1DBAE74760AD3B97075DDF300F7AB0AD286F718D1A8998E973D295FFDB2",
            "default_hostname": "shortenerwebappvladimirshalamanov.azurewebsites.net",
            "enabled": true,
            "ftp_publish_basic_authentication_enabled": true,
            "hosting_environment_id": "",
            "https_only": false,
            "id": "/subscriptions/bb4dceca-1eda-4c76-9b54-f7140ba333e9/resourceGroups/ShortenerVladimirShalamanovRG/providers/Microsoft.Web/sites/shortenerwebappvladimirshalamanov",
            "identity": [],
            "key_vault_reference_identity_id": "SystemAssigned",
            "kind": "app,linux",
            "location": "westeurope",
            "logs": [],
            "name": "shortenerwebappvladimirshalamanov",
            "outbound_ip_address_list": [
              "51.137.11.162",
              "51.137.12.181",
              "51.137.14.237",
              "51.137.15.103",
              "40.114.176.34",
              "40.114.176.41",
              "51.124.0.49",
              "51.124.1.43",
              "51.124.1.225",
              "51.124.2.228",
              "51.124.3.134",
              "51.124.6.5",
              "20.105.216.45"
            ],
            "outbound_ip_addresses": "51.137.11.162,51.137.12.181,51.137.14.237,51.137.15.103,40.114.176.34,40.114.176.41,51.124.0.49,51.124.1.43,51.124.1.225,51.124.2.228,51.124.3.134,51.124.6.5,20.105.216.45",
            "possible_outbound_ip_address_list": [
              "51.137.11.162",
              "51.137.12.181",
              "51.137.14.237",
              "51.137.15.103",
              "40.114.176.34",
              "40.114.176.41",
              "51.124.0.49",
              "51.124.1.43",
              "51.124.1.225",
              "51.124.2.228",
              "51.124.3.134",
              "51.124.6.5",
              "51.124.6.214",
              "51.124.7.161",
              "51.124.67.77",
              "51.124.67.106",
              "51.124.68.151",
              "51.124.71.195",
              "51.137.8.19",
              "51.137.9.194",
              "51.137.10.39",
              "51.137.11.8",
              "51.137.11.108",
              "51.137.11.125",
              "51.137.11.162",
              "51.137.12.181",
              "51.137.14.237",
              "51.137.15.103",
              "40.114.176.34",
              "40.114.176.41",
              "40.114.178.20",
              "40.114.178.110",
              "40.114.178.133",
              "40.114.178.148",
              "40.114.179.4",
              "40.114.179.55",
              "20.105.216.45"
            ],
            "possible_outbound_ip_addresses": "51.137.11.162,51.137.12.181,51.137.14.237,51.137.15.103,40.114.176.34,40.114.176.41,51.124.0.49,51.124.1.43,51.124.1.225,51.124.2.228,51.124.3.134,51.124.6.5,51.124.6.214,51.124.7.161,51.124.67.77,51.124.67.106,51.124.68.151,51.124.71.195,51.137.8.19,51.137.9.194,51.137.10.39,51.137.11.8,51.137.11.108,51.137.11.125,51.137.11.162,51.137.12.181,51.137.14.237,51.137.15.103,40.114.176.34,40.114.176.41,40.114.178.20,40.114.178.110,40.114.178.133,40.114.178.148,40.114.179.4,40.114.179.55,20.105.216.45",
            "public_network_access_enabled": true,
            "resource_group_name": "ShortenerVladimirShalamanovRG",
            "service_plan_id": "/subscriptions/bb4dceca-1eda-4c76-9b54-f7140ba333e9/resourceGroups/ShortenerVladimirShalamanovRG/providers/Microsoft.Web/serverFarms/shortener-service-plan",
            "site_config": [
              {
                "always_on": false,
                "api_definition_url": "",
                "api_management_api_id": "",
                "app_command_line": "",
                "application_stack": [
                  {
                    "docker_image": "",
                    "docker_image_name": "",
                    "docker_image_tag": "",
                    "docker_registry_password": "",
                    "docker_registry_url": "",
                    "docker_registry_username": "",
                    "dotnet_version": "6.0",
                    "go_version": "",
                    "java_server": "",
                    "java_server_version": "",
                    "java_version": "",
                    "node_version": "",
                    "php_version": "",
                    "python_version": "",
                    "ruby_version": ""
                  }
                ],
                "auto_heal_enabled": false,
                "auto_heal_setting": [],
                "container_registry_managed_identity_client_id": "",
                "container_registry_use_managed_identity": false,
                "cors": [],
                "default_documents": [
                  "Default.htm",
                  "Default.html",
                  "Default.asp",
                  "index.htm",
                  "index.html",
                  "iisstart.htm",
                  "default.aspx",
                  "index.php",
                  "hostingstart.html"
                ],
                "detailed_error_logging_enabled": false,
                "ftps_state": "Disabled",
                "health_check_eviction_time_in_min": 0,
                "health_check_path": "",
                "http2_enabled": false,
                "ip_restriction": [],
                "linux_fx_version": "DOTNETCORE|6.0",
                "load_balancing_mode": "LeastRequests",
                "local_mysql_enabled": false,
                "managed_pipeline_mode": "Integrated",
                "minimum_tls_version": "1.2",
                "remote_debugging_enabled": false,
                "remote_debugging_version": "VS2019",
                "scm_ip_restriction": [],
                "scm_minimum_tls_version": "1.2",
                "scm_type": "None",
                "scm_use_main_ip_restriction": false,
                "use_32_bit_worker": true,
                "vnet_route_all_enabled": false,
                "websockets_enabled": false,
                "worker_count": 1
              }
            ],
            "site_credential": [
              {
                "name": "$shortenerwebappvladimirshalamanov",
                "password": "w7dp6dziPrlP1bMBQcygLv2p6nqagdfk9E5hcjQqHyDzEj5RMsCJCHgijDEh"
              }
            ],
            "sticky_settings": [],
            "storage_account": [],
            "tags": null,
            "timeouts": null,
            "virtual_network_subnet_id": "",
            "webdeploy_publish_basic_authentication_enabled": true,
            "zip_deploy_file": ""
          },
          "sensitive_attributes": [
            [
              {
                "type": "get_attr",
                "value": "connection_string"
              }
            ]
          ],
          "private": "eyJlMmJmYjczMC1lY2FhLTExZTYtOGY4OC0zNDM2M2JjN2M0YzAiOnsiY3JlYXRlIjoxODAwMDAwMDAwMDAwLCJkZWxldGUiOjE4MDAwMDAwMDAwMDAsInJlYWQiOjMwMDAwMDAwMDAwMCwidXBkYXRlIjoxODAwMDAwMDAwMDAwfSwic2NoZW1hX3ZlcnNpb24iOiIxIn0=",
          "dependencies": [
            "azurerm_mssql_database.database",
            "azurerm_mssql_server.mssql",
            "azurerm_resource_group.rg",
            "azurerm_service_plan.asp"
          ]
        }
      ]
    },
    {
      "mode": "managed",
      "type": "azurerm_mssql_database",
      "name": "database",
      "provider": "provider[\"registry.terraform.io/hashicorp/azurerm\"]",
      "instances": [
        {
          "schema_version": 1,
          "attributes": {
            "auto_pause_delay_in_minutes": 0,
            "collation": "SQL_Latin1_General_CP1_CI_AS",
            "create_mode": "Default",
            "creation_source_database_id": null,
            "elastic_pool_id": "",
            "enclave_type": "",
            "geo_backup_enabled": true,
            "id": "/subscriptions/bb4dceca-1eda-4c76-9b54-f7140ba333e9/resourceGroups/ShortenerVladimirShalamanovRG/providers/Microsoft.Sql/servers/sqlserver-vladimir/databases/Contacts",
            "identity": [],
            "import": [],
            "ledger_enabled": false,
            "license_type": "LicenseIncluded",
            "long_term_retention_policy": [
              {
                "immutable_backups_enabled": false,
                "monthly_retention": "PT0S",
                "week_of_year": 1,
                "weekly_retention": "PT0S",
                "yearly_retention": "PT0S"
              }
            ],
            "maintenance_configuration_name": "SQL_Default",
            "max_size_gb": 2,
            "min_capacity": 0,
            "name": "Contacts",
            "read_replica_count": 0,
            "read_scale": false,
            "recover_database_id": null,
            "restore_dropped_database_id": null,
            "restore_point_in_time": null,
            "sample_name": null,
            "server_id": "/subscriptions/bb4dceca-1eda-4c76-9b54-f7140ba333e9/resourceGroups/ShortenerVladimirShalamanovRG/providers/Microsoft.Sql/servers/sqlserver-vladimir",
            "short_term_retention_policy": [
              {
                "backup_interval_in_hours": 24,
                "retention_days": 7
              }
            ],
            "sku_name": "S0",
            "storage_account_type": "Geo",
            "tags": null,
            "threat_detection_policy": [
              {
                "disabled_alerts": [],
                "email_account_admins": "Disabled",
                "email_addresses": [],
                "retention_days": 0,
                "state": "Disabled",
                "storage_account_access_key": "",
                "storage_endpoint": ""
              }
            ],
            "timeouts": null,
            "transparent_data_encryption_enabled": true,
            "transparent_data_encryption_key_automatic_rotation_enabled": false,
            "transparent_data_encryption_key_vault_key_id": "",
            "zone_redundant": false
          },
          "sensitive_attributes": [],
          "private": "eyJlMmJmYjczMC1lY2FhLTExZTYtOGY4OC0zNDM2M2JjN2M0YzAiOnsiY3JlYXRlIjozNjAwMDAwMDAwMDAwLCJkZWxldGUiOjM2MDAwMDAwMDAwMDAsInJlYWQiOjMwMDAwMDAwMDAwMCwidXBkYXRlIjozNjAwMDAwMDAwMDAwfSwic2NoZW1hX3ZlcnNpb24iOiIxIn0=",
          "dependencies": [
            "azurerm_mssql_server.mssql",
            "azurerm_resource_group.rg"
          ]
        }
      ]
    },
    {
      "mode": "managed",
      "type": "azurerm_mssql_firewall_rule",
      "name": "firewall",
      "provider": "provider[\"registry.terraform.io/hashicorp/azurerm\"]",
      "instances": [
        {
          "schema_version": 0,
          "attributes": {
            "end_ip_address": "0.0.0.0",
            "id": "/subscriptions/bb4dceca-1eda-4c76-9b54-f7140ba333e9/resourceGroups/ShortenerVladimirShalamanovRG/providers/Microsoft.Sql/servers/sqlserver-vladimir/firewallRules/ShortenerFirewall",
            "name": "ShortenerFirewall",
            "server_id": "/subscriptions/bb4dceca-1eda-4c76-9b54-f7140ba333e9/resourceGroups/ShortenerVladimirShalamanovRG/providers/Microsoft.Sql/servers/sqlserver-vladimir",
            "start_ip_address": "0.0.0.0",
            "timeouts": null
          },
          "sensitive_attributes": [],
          "private": "eyJlMmJmYjczMC1lY2FhLTExZTYtOGY4OC0zNDM2M2JjN2M0YzAiOnsiY3JlYXRlIjoxODAwMDAwMDAwMDAwLCJkZWxldGUiOjE4MDAwMDAwMDAwMDAsInJlYWQiOjMwMDAwMDAwMDAwMCwidXBkYXRlIjoxODAwMDAwMDAwMDAwfX0=",
          "dependencies": [
            "azurerm_mssql_server.mssql",
            "azurerm_resource_group.rg"
          ]
        }
      ]
    },
    {
      "mode": "managed",
      "type": "azurerm_mssql_server",
      "name": "mssql",
      "provider": "provider[\"registry.terraform.io/hashicorp/azurerm\"]",
      "instances": [
        {
          "schema_version": 0,
          "attributes": {
            "administrator_login": "imNotAdmin",
            "administrator_login_password": "myStrongPassword12#",
            "azuread_administrator": [],
            "connection_policy": "Default",
            "fully_qualified_domain_name": "sqlserver-vladimir.database.windows.net",
            "id": "/subscriptions/bb4dceca-1eda-4c76-9b54-f7140ba333e9/resourceGroups/ShortenerVladimirShalamanovRG/providers/Microsoft.Sql/servers/sqlserver-vladimir",
            "identity": [],
            "location": "westeurope",
            "minimum_tls_version": "1.2",
            "name": "sqlserver-vladimir",
            "outbound_network_restriction_enabled": false,
            "primary_user_assigned_identity_id": "",
            "public_network_access_enabled": true,
            "resource_group_name": "ShortenerVladimirShalamanovRG",
            "restorable_dropped_database_ids": [],
            "tags": null,
            "timeouts": null,
            "transparent_data_encryption_key_vault_key_id": "",
            "version": "12.0"
          },
          "sensitive_attributes": [],
          "private": "eyJlMmJmYjczMC1lY2FhLTExZTYtOGY4OC0zNDM2M2JjN2M0YzAiOnsiY3JlYXRlIjozNjAwMDAwMDAwMDAwLCJkZWxldGUiOjM2MDAwMDAwMDAwMDAsInJlYWQiOjMwMDAwMDAwMDAwMCwidXBkYXRlIjozNjAwMDAwMDAwMDAwfX0=",
          "dependencies": [
            "azurerm_resource_group.rg"
          ]
        }
      ]
    },
    {
      "mode": "managed",
      "type": "azurerm_resource_group",
      "name": "rg",
      "provider": "provider[\"registry.terraform.io/hashicorp/azurerm\"]",
      "instances": [
        {
          "schema_version": 0,
          "attributes": {
            "id": "/subscriptions/bb4dceca-1eda-4c76-9b54-f7140ba333e9/resourceGroups/ShortenerVladimirShalamanovRG",
            "location": "westeurope",
            "managed_by": "",
            "name": "ShortenerVladimirShalamanovRG",
            "tags": null,
            "timeouts": null
          },
          "sensitive_attributes": [],
          "private": "eyJlMmJmYjczMC1lY2FhLTExZTYtOGY4OC0zNDM2M2JjN2M0YzAiOnsiY3JlYXRlIjo1NDAwMDAwMDAwMDAwLCJkZWxldGUiOjU0MDAwMDAwMDAwMDAsInJlYWQiOjMwMDAwMDAwMDAwMCwidXBkYXRlIjo1NDAwMDAwMDAwMDAwfX0="
        }
      ]
    },
    {
      "mode": "managed",
      "type": "azurerm_service_plan",
      "name": "asp",
      "provider": "provider[\"registry.terraform.io/hashicorp/azurerm\"]",
      "instances": [
        {
          "schema_version": 1,
          "attributes": {
            "app_service_environment_id": "",
            "id": "/subscriptions/bb4dceca-1eda-4c76-9b54-f7140ba333e9/resourceGroups/ShortenerVladimirShalamanovRG/providers/Microsoft.Web/serverFarms/shortener-service-plan",
            "kind": "linux",
            "location": "westeurope",
            "maximum_elastic_worker_count": 1,
            "name": "shortener-service-plan",
            "os_type": "Linux",
            "per_site_scaling_enabled": false,
            "reserved": true,
            "resource_group_name": "ShortenerVladimirShalamanovRG",
            "sku_name": "F1",
            "tags": null,
            "timeouts": null,
            "worker_count": 1,
            "zone_balancing_enabled": false
          },
          "sensitive_attributes": [],
          "private": "eyJlMmJmYjczMC1lY2FhLTExZTYtOGY4OC0zNDM2M2JjN2M0YzAiOnsiY3JlYXRlIjozNjAwMDAwMDAwMDAwLCJkZWxldGUiOjM2MDAwMDAwMDAwMDAsInJlYWQiOjMwMDAwMDAwMDAwMCwidXBkYXRlIjozNjAwMDAwMDAwMDAwfSwic2NoZW1hX3ZlcnNpb24iOiIxIn0=",
          "dependencies": [
            "azurerm_resource_group.rg"
          ]
        }
      ]
    }
  ],
  "check_results": null
}
